# Generated by pub
# See https://dart.dev/tools/pub/glossary#lockfile
packages:
  ffi:
    dependency: "direct main"
    description:
      name: ffi
      sha256: "7bf0adc28a23d395f19f3f1eb21dd7cfd1dd9f8e1c50051c069122e6853bc878"
      url: "https://pub.dev"
    source: hosted
    version: "2.1.0"
  signale:
    dependency: "direct main"
    description:
      name: signale
      sha256: "537253d2fa1f382876b6b9e05e7eed4b2bf1182086c3903059dfab5e5f369289"
      url: "https://pub.dev"
    source: hosted
    version: "0.0.8"
  win32:
    dependency: "direct main"
    description:
      name: win32
      sha256: "5a751eddf9db89b3e5f9d50c20ab8612296e4e8db69009788d6c8b060a84191c"
      url: "https://pub.dev"
    source: hosted
    version: "4.1.4"
sdks:
  dart: ">=3.0.0 <4.0.0"
